
Microsoft Visual Studio Solution File, Format Version 12.00
# Visual Studio 15
VisualStudioVersion = 15.0.26730.16
MinimumVisualStudioVersion = 10.0.40219.1
Project("{FAE04EC0-301F-11D3-BF4B-00C04F79EFBC}") = "SImple Wcf Example", "SImple Wcf Example\SImple Wcf Example.csproj", "{FDEFEDB8-73FD-4DDD-A866-5FFB9D899424}"
EndProject
Global
	GlobalSection(SolutionConfigurationPlatforms) = preSolution
		Debug|Any CPU = Debug|Any CPU
		Release|Any CPU = Release|Any CPU
	EndGlobalSection
	GlobalSection(ProjectConfigurationPlatforms) = postSolution
		{FDEFEDB8-73FD-4DDD-A866-5FFB9D899424}.Debug|Any CPU.ActiveCfg = Debug|Any CPU
		{FDEFEDB8-73FD-4DDD-A866-5FFB9D899424}.Debug|Any CPU.Build.0 = Debug|Any CPU
		{FDEFEDB8-73FD-4DDD-A866-5FFB9D899424}.Release|Any CPU.ActiveCfg = Release|Any CPU
		{FDEFEDB8-73FD-4DDD-A866-5FFB9D899424}.Release|Any CPU.Build.0 = Release|Any CPU
	EndGlobalSection
	GlobalSection(SolutionProperties) = preSolution
		HideSolutionNode = FALSE
	EndGlobalSection
	GlobalSection(ExtensibilityGlobals) = postSolution
		SolutionGuid = {EEDF3FB8-0E97-419B-8125-63546D974B43}
	EndGlobalSection
EndGlobal
